
Microsoft Visual Studio Solution File, Format Version 9.00
# Visual Studio 2005
Project("{FAE04EC0-301F-11D3-BF4B-00C04F79EFBC}") = "Cheke.VirtualKeyboard", "Cheke.VirtualKeyboard\Cheke.VirtualKeyboard.csproj", "{5F3E0045-214C-48D1-8E82-0E4105AC405F}"
	ProjectSection(WebsiteProperties) = preProject
		Debug.AspNetCompiler.Debug = "True"
		Release.AspNetCompiler.Debug = "False"
	EndProjectSection
EndProject
Project("{FAE04EC0-301F-11D3-BF4B-00C04F79EFBC}") = "Cheke.VirtualKeyboard.Fixture", "Cheke.VirtualKeyboard.Fixture\Cheke.VirtualKeyboard.Fixture.csproj", "{3BEABE63-0ACA-4C8E-8AAE-4F1F1DCA4BAF}"
	ProjectSection(WebsiteProperties) = preProject
		Debug.AspNetCompiler.Debug = "True"
		Release.AspNetCompiler.Debug = "False"
	EndProjectSection
EndProject
Global
	GlobalSection(SourceCodeControl) = preSolution
		SccNumberOfProjects = 3
		SccLocalPath0 = .
		SccProjectUniqueName1 = Cheke.VirtualKeyboard.Fixture\\Cheke.VirtualKeyboard.Fixture.csproj
		SccLocalPath1 = .
		SccProjectFilePathRelativizedFromConnection1 = Cheke.VirtualKeyboard.Fixture\\
		SccProjectUniqueName2 = Cheke.VirtualKeyboard\\Cheke.VirtualKeyboard.csproj
		SccLocalPath2 = .
		SccProjectFilePathRelativizedFromConnection2 = Cheke.VirtualKeyboard\\
	EndGlobalSection
	GlobalSection(SolutionConfigurationPlatforms) = preSolution
		Debug|Any CPU = Debug|Any CPU
		Release|Any CPU = Release|Any CPU
	EndGlobalSection
	GlobalSection(ProjectConfigurationPlatforms) = postSolution
		{5F3E0045-214C-48D1-8E82-0E4105AC405F}.Debug|Any CPU.ActiveCfg = Debug|Any CPU
		{5F3E0045-214C-48D1-8E82-0E4105AC405F}.Debug|Any CPU.Build.0 = Debug|Any CPU
		{5F3E0045-214C-48D1-8E82-0E4105AC405F}.Release|Any CPU.ActiveCfg = Release|Any CPU
		{5F3E0045-214C-48D1-8E82-0E4105AC405F}.Release|Any CPU.Build.0 = Release|Any CPU
		{3BEABE63-0ACA-4C8E-8AAE-4F1F1DCA4BAF}.Debug|Any CPU.ActiveCfg = Debug|Any CPU
		{3BEABE63-0ACA-4C8E-8AAE-4F1F1DCA4BAF}.Debug|Any CPU.Build.0 = Debug|Any CPU
		{3BEABE63-0ACA-4C8E-8AAE-4F1F1DCA4BAF}.Release|Any CPU.ActiveCfg = Release|Any CPU
		{3BEABE63-0ACA-4C8E-8AAE-4F1F1DCA4BAF}.Release|Any CPU.Build.0 = Release|Any CPU
	EndGlobalSection
	GlobalSection(SolutionProperties) = preSolution
		HideSolutionNode = FALSE
	EndGlobalSection
EndGlobal
